
Microsoft Visual Studio Solution File, Format Version 12.00
# Visual Studio Version 16
VisualStudioVersion = 16.0.30523.141
MinimumVisualStudioVersion = 10.0.40219.1
Project("{9A19103F-16F7-4668-BE54-9A1E7A4F7556}") = "ConsoleApp4", "ConsoleApp4\ConsoleApp4.csproj", "{7474AC98-8CA0-4652-88A5-E6E8F976389F}"
EndProject
Project("{9A19103F-16F7-4668-BE54-9A1E7A4F7556}") = "EmployeeManagement", "EmployeeManagement\EmployeeManagement.csproj", "{31F5DA54-4C14-42FC-B564-4E160BECBB4A}"
EndProject
Project("{9A19103F-16F7-4668-BE54-9A1E7A4F7556}") = "Email", "Email\Email.csproj", "{A6783B1E-FD66-42BE-A5C6-CEA9F2B0F610}"
EndProject
Project("{9A19103F-16F7-4668-BE54-9A1E7A4F7556}") = "WebApplication1", "WebApplication1\WebApplication1.csproj", "{CAEEC3D2-6988-49F9-83E1-70BA09A23A66}"
EndProject
Project("{9A19103F-16F7-4668-BE54-9A1E7A4F7556}") = "Area", "Area\Area.csproj", "{1A8331A9-A028-4DE8-A0F5-53D71CA522DB}"
EndProject
Project("{9A19103F-16F7-4668-BE54-9A1E7A4F7556}") = "OverRiding", "OverRiding\OverRiding.csproj", "{BD87B5C7-44FE-4CA6-A50C-E0A0E214636D}"
EndProject
Project("{FAE04EC0-301F-11D3-BF4B-00C04F79EFBC}") = "Product", "Product\Product.csproj", "{F1914649-C41C-40EE-AEEC-4AEDAFD7CAAD}"
EndProject
Global
	GlobalSection(SolutionConfigurationPlatforms) = preSolution
		Debug|Any CPU = Debug|Any CPU
		Release|Any CPU = Release|Any CPU
	EndGlobalSection
	GlobalSection(ProjectConfigurationPlatforms) = postSolution
		{7474AC98-8CA0-4652-88A5-E6E8F976389F}.Debug|Any CPU.ActiveCfg = Debug|Any CPU
		{7474AC98-8CA0-4652-88A5-E6E8F976389F}.Debug|Any CPU.Build.0 = Debug|Any CPU
		{7474AC98-8CA0-4652-88A5-E6E8F976389F}.Release|Any CPU.ActiveCfg = Release|Any CPU
		{7474AC98-8CA0-4652-88A5-E6E8F976389F}.Release|Any CPU.Build.0 = Release|Any CPU
		{31F5DA54-4C14-42FC-B564-4E160BECBB4A}.Debug|Any CPU.ActiveCfg = Debug|Any CPU
		{31F5DA54-4C14-42FC-B564-4E160BECBB4A}.Debug|Any CPU.Build.0 = Debug|Any CPU
		{31F5DA54-4C14-42FC-B564-4E160BECBB4A}.Release|Any CPU.ActiveCfg = Release|Any CPU
		{31F5DA54-4C14-42FC-B564-4E160BECBB4A}.Release|Any CPU.Build.0 = Release|Any CPU
		{A6783B1E-FD66-42BE-A5C6-CEA9F2B0F610}.Debug|Any CPU.ActiveCfg = Debug|Any CPU
		{A6783B1E-FD66-42BE-A5C6-CEA9F2B0F610}.Debug|Any CPU.Build.0 = Debug|Any CPU
		{A6783B1E-FD66-42BE-A5C6-CEA9F2B0F610}.Release|Any CPU.ActiveCfg = Release|Any CPU
		{A6783B1E-FD66-42BE-A5C6-CEA9F2B0F610}.Release|Any CPU.Build.0 = Release|Any CPU
		{CAEEC3D2-6988-49F9-83E1-70BA09A23A66}.Debug|Any CPU.ActiveCfg = Debug|Any CPU
		{CAEEC3D2-6988-49F9-83E1-70BA09A23A66}.Debug|Any CPU.Build.0 = Debug|Any CPU
		{CAEEC3D2-6988-49F9-83E1-70BA09A23A66}.Release|Any CPU.ActiveCfg = Release|Any CPU
		{CAEEC3D2-6988-49F9-83E1-70BA09A23A66}.Release|Any CPU.Build.0 = Release|Any CPU
		{1A8331A9-A028-4DE8-A0F5-53D71CA522DB}.Debug|Any CPU.ActiveCfg = Debug|Any CPU
		{1A8331A9-A028-4DE8-A0F5-53D71CA522DB}.Debug|Any CPU.Build.0 = Debug|Any CPU
		{1A8331A9-A028-4DE8-A0F5-53D71CA522DB}.Release|Any CPU.ActiveCfg = Release|Any CPU
		{1A8331A9-A028-4DE8-A0F5-53D71CA522DB}.Release|Any CPU.Build.0 = Release|Any CPU
		{BD87B5C7-44FE-4CA6-A50C-E0A0E214636D}.Debug|Any CPU.ActiveCfg = Debug|Any CPU
		{BD87B5C7-44FE-4CA6-A50C-E0A0E214636D}.Debug|Any CPU.Build.0 = Debug|Any CPU
		{BD87B5C7-44FE-4CA6-A50C-E0A0E214636D}.Release|Any CPU.ActiveCfg = Release|Any CPU
		{BD87B5C7-44FE-4CA6-A50C-E0A0E214636D}.Release|Any CPU.Build.0 = Release|Any CPU
		{F1914649-C41C-40EE-AEEC-4AEDAFD7CAAD}.Debug|Any CPU.ActiveCfg = Debug|Any CPU
		{F1914649-C41C-40EE-AEEC-4AEDAFD7CAAD}.Debug|Any CPU.Build.0 = Debug|Any CPU
		{F1914649-C41C-40EE-AEEC-4AEDAFD7CAAD}.Release|Any CPU.ActiveCfg = Release|Any CPU
		{F1914649-C41C-40EE-AEEC-4AEDAFD7CAAD}.Release|Any CPU.Build.0 = Release|Any CPU
	EndGlobalSection
	GlobalSection(SolutionProperties) = preSolution
		HideSolutionNode = FALSE
	EndGlobalSection
	GlobalSection(ExtensibilityGlobals) = postSolution
		SolutionGuid = {736B2082-B1C1-4DDA-B4D0-766EBC1502C4}
	EndGlobalSection
EndGlobal
